
Microsoft Visual Studio Solution File, Format Version 12.00
# Visual Studio Version 17
VisualStudioVersion = 17.4.33213.308
MinimumVisualStudioVersion = 10.0.40219.1
Project("{FAE04EC0-301F-11D3-BF4B-00C04F79EFBC}") = "Web", "Web\Web.csproj", "{AB5C79B6-19B8-4A8A-9993-4EE1C4730DDC}"
EndProject
Project("{FAE04EC0-301F-11D3-BF4B-00C04F79EFBC}") = "Infrastructure", "Infrastructure\Infrastructure.csproj", "{E8719911-6CD0-4FBC-A484-2989B3001C6D}"
EndProject
Project("{FAE04EC0-301F-11D3-BF4B-00C04F79EFBC}") = "Application", "Application\Application.csproj", "{2D1F3D59-70BE-4632-9402-C2A888836B82}"
EndProject
Global
	GlobalSection(SolutionConfigurationPlatforms) = preSolution
		Debug|Any CPU = Debug|Any CPU
		Release|Any CPU = Release|Any CPU
	EndGlobalSection
	GlobalSection(ProjectConfigurationPlatforms) = postSolution
		{AB5C79B6-19B8-4A8A-9993-4EE1C4730DDC}.Debug|Any CPU.ActiveCfg = Debug|Any CPU
		{AB5C79B6-19B8-4A8A-9993-4EE1C4730DDC}.Debug|Any CPU.Build.0 = Debug|Any CPU
		{AB5C79B6-19B8-4A8A-9993-4EE1C4730DDC}.Release|Any CPU.ActiveCfg = Release|Any CPU
		{AB5C79B6-19B8-4A8A-9993-4EE1C4730DDC}.Release|Any CPU.Build.0 = Release|Any CPU
		{E8719911-6CD0-4FBC-A484-2989B3001C6D}.Debug|Any CPU.ActiveCfg = Debug|Any CPU
		{E8719911-6CD0-4FBC-A484-2989B3001C6D}.Debug|Any CPU.Build.0 = Debug|Any CPU
		{E8719911-6CD0-4FBC-A484-2989B3001C6D}.Release|Any CPU.ActiveCfg = Release|Any CPU
		{E8719911-6CD0-4FBC-A484-2989B3001C6D}.Release|Any CPU.Build.0 = Release|Any CPU
		{2D1F3D59-70BE-4632-9402-C2A888836B82}.Debug|Any CPU.ActiveCfg = Debug|Any CPU
		{2D1F3D59-70BE-4632-9402-C2A888836B82}.Debug|Any CPU.Build.0 = Debug|Any CPU
		{2D1F3D59-70BE-4632-9402-C2A888836B82}.Release|Any CPU.ActiveCfg = Release|Any CPU
		{2D1F3D59-70BE-4632-9402-C2A888836B82}.Release|Any CPU.Build.0 = Release|Any CPU
	EndGlobalSection
	GlobalSection(SolutionProperties) = preSolution
		HideSolutionNode = FALSE
	EndGlobalSection
	GlobalSection(ExtensibilityGlobals) = postSolution
		SolutionGuid = {2D9BEBBB-A4DE-49F1-9AD9-BE98826A9FFD}
	EndGlobalSection
EndGlobal
